
Microsoft Visual Studio Solution File, Format Version 12.00
# Visual Studio Version 17
VisualStudioVersion = 17.9.34701.34
MinimumVisualStudioVersion = 10.0.40219.1
Project("{9A19103F-16F7-4668-BE54-9A1E7A4F7556}") = "Crownhart_EmailValidatorProject", "EmailValidatorProject\Crownhart_EmailValidatorProject.csproj", "{B4B412E3-1E03-4A4A-9304-1BA311F23DFB}"
EndProject
Project("{9A19103F-16F7-4668-BE54-9A1E7A4F7556}") = "Crownhart_EmailValidatorTests", "EmailValidatorTests\Crownhart_EmailValidatorTests.csproj", "{59CC5439-18E5-48C4-B48F-AA3093E5A998}"
EndProject
Global
	GlobalSection(SolutionConfigurationPlatforms) = preSolution
		Debug|Any CPU = Debug|Any CPU
		Release|Any CPU = Release|Any CPU
	EndGlobalSection
	GlobalSection(ProjectConfigurationPlatforms) = postSolution
		{B4B412E3-1E03-4A4A-9304-1BA311F23DFB}.Debug|Any CPU.ActiveCfg = Debug|Any CPU
		{B4B412E3-1E03-4A4A-9304-1BA311F23DFB}.Debug|Any CPU.Build.0 = Debug|Any CPU
		{B4B412E3-1E03-4A4A-9304-1BA311F23DFB}.Release|Any CPU.ActiveCfg = Release|Any CPU
		{B4B412E3-1E03-4A4A-9304-1BA311F23DFB}.Release|Any CPU.Build.0 = Release|Any CPU
		{59CC5439-18E5-48C4-B48F-AA3093E5A998}.Debug|Any CPU.ActiveCfg = Debug|Any CPU
		{59CC5439-18E5-48C4-B48F-AA3093E5A998}.Debug|Any CPU.Build.0 = Debug|Any CPU
		{59CC5439-18E5-48C4-B48F-AA3093E5A998}.Release|Any CPU.ActiveCfg = Release|Any CPU
		{59CC5439-18E5-48C4-B48F-AA3093E5A998}.Release|Any CPU.Build.0 = Release|Any CPU
	EndGlobalSection
	GlobalSection(SolutionProperties) = preSolution
		HideSolutionNode = FALSE
	EndGlobalSection
	GlobalSection(ExtensibilityGlobals) = postSolution
		SolutionGuid = {2A93AEEA-E086-48E1-9A78-E5829CBB7100}
	EndGlobalSection
EndGlobal
